
Microsoft Visual Studio Solution File, Format Version 10.00
# Visual Studio 2008
Project("{FAE04EC0-301F-11D3-BF4B-00C04F79EFBC}") = "DotNetOpenAuth", "DotNetOpenAuth\DotNetOpenAuth.csproj", "{3191B653-F76D-4C1A-9A5A-347BC3AAAAB7}"
EndProject
Project("{2150E333-8FDC-42A3-9474-1A3956D46DE8}") = "Solution Items", "Solution Items", "{20B5E173-C3C4-49F8-BD25-E69044075B4D}"
	ProjectSection(SolutionItems) = preProject
		DotNetOpenAuth.vsmdi = DotNetOpenAuth.vsmdi
		..\LICENSE.txt = ..\LICENSE.txt
		LocalTestRun.testrunconfig = LocalTestRun.testrunconfig
		..\doc\README.Bin.html = ..\doc\README.Bin.html
		..\doc\README.html = ..\doc\README.html
		..\samples\README.html = ..\samples\README.html
	EndProjectSection
EndProject
Project("{2150E333-8FDC-42A3-9474-1A3956D46DE8}") = "Specs", "Specs", "{CD57219F-24F4-4136-8741-6063D0D7A031}"
	ProjectSection(SolutionItems) = preProject
		..\doc\specs\ICAM_OpenID20Profile.pdf = ..\doc\specs\ICAM_OpenID20Profile.pdf
		..\doc\specs\OAuth Core 1.0.htm = ..\doc\specs\OAuth Core 1.0.htm
		..\doc\specs\OAuth Core 1.0a %28Draft 3%29.htm = ..\doc\specs\OAuth Core 1.0a %28Draft 3%29.htm
		..\doc\specs\OpenID OAuth Extension.htm = ..\doc\specs\OpenID OAuth Extension.htm
		..\doc\specs\openid-attribute-exchange-1_0.html = ..\doc\specs\openid-attribute-exchange-1_0.html
		..\doc\specs\openid-authentication-1_1.html = ..\doc\specs\openid-authentication-1_1.html
		..\doc\specs\openid-authentication-2_0.html = ..\doc\specs\openid-authentication-2_0.html
		..\doc\specs\openid-provider-authentication-policy-extension-1_0-02.html = ..\doc\specs\openid-provider-authentication-policy-extension-1_0-02.html
		..\doc\specs\openid-simple-registration-extension-1_0.html = ..\doc\specs\openid-simple-registration-extension-1_0.html
		..\doc\specs\openid_ui_extension_draft01.html = ..\doc\specs\openid_ui_extension_draft01.html
	EndProjectSection
EndProject
Global
	GlobalSection(SolutionConfigurationPlatforms) = preSolution
		CodeAnalysis|Any CPU = CodeAnalysis|Any CPU
		Debug|Any CPU = Debug|Any CPU
		Release|Any CPU = Release|Any CPU
	EndGlobalSection
	GlobalSection(ProjectConfigurationPlatforms) = postSolution
		{3191B653-F76D-4C1A-9A5A-347BC3AAAAB7}.CodeAnalysis|Any CPU.ActiveCfg = CodeAnalysis|Any CPU
		{3191B653-F76D-4C1A-9A5A-347BC3AAAAB7}.CodeAnalysis|Any CPU.Build.0 = CodeAnalysis|Any CPU
		{3191B653-F76D-4C1A-9A5A-347BC3AAAAB7}.Debug|Any CPU.ActiveCfg = Debug|Any CPU
		{3191B653-F76D-4C1A-9A5A-347BC3AAAAB7}.Debug|Any CPU.Build.0 = Debug|Any CPU
		{3191B653-F76D-4C1A-9A5A-347BC3AAAAB7}.Release|Any CPU.ActiveCfg = Release|Any CPU
		{3191B653-F76D-4C1A-9A5A-347BC3AAAAB7}.Release|Any CPU.Build.0 = Release|Any CPU
		{47A84EF7-68C3-4D47-926A-9CCEA6518531}.CodeAnalysis|Any CPU.ActiveCfg = Debug|Any CPU
		{47A84EF7-68C3-4D47-926A-9CCEA6518531}.CodeAnalysis|Any CPU.Build.0 = Debug|Any CPU
		{47A84EF7-68C3-4D47-926A-9CCEA6518531}.Debug|Any CPU.ActiveCfg = Debug|Any CPU
		{47A84EF7-68C3-4D47-926A-9CCEA6518531}.Debug|Any CPU.Build.0 = Debug|Any CPU
		{47A84EF7-68C3-4D47-926A-9CCEA6518531}.Release|Any CPU.ActiveCfg = Debug|Any CPU
		{47A84EF7-68C3-4D47-926A-9CCEA6518531}.Release|Any CPU.Build.0 = Debug|Any CPU
		{6EB90284-BD15-461C-BBF2-131CF55F7C8B}.CodeAnalysis|Any CPU.ActiveCfg = Debug|Any CPU
		{6EB90284-BD15-461C-BBF2-131CF55F7C8B}.CodeAnalysis|Any CPU.Build.0 = Debug|Any CPU
		{6EB90284-BD15-461C-BBF2-131CF55F7C8B}.Debug|Any CPU.ActiveCfg = Debug|Any CPU
		{6EB90284-BD15-461C-BBF2-131CF55F7C8B}.Debug|Any CPU.Build.0 = Debug|Any CPU
		{6EB90284-BD15-461C-BBF2-131CF55F7C8B}.Release|Any CPU.ActiveCfg = Debug|Any CPU
		{6EB90284-BD15-461C-BBF2-131CF55F7C8B}.Release|Any CPU.Build.0 = Debug|Any CPU
		{BBACD972-014D-478F-9B07-56B9E1D4CC73}.CodeAnalysis|Any CPU.ActiveCfg = Debug|Any CPU
		{BBACD972-014D-478F-9B07-56B9E1D4CC73}.CodeAnalysis|Any CPU.Build.0 = Debug|Any CPU
		{BBACD972-014D-478F-9B07-56B9E1D4CC73}.Debug|Any CPU.ActiveCfg = Debug|Any CPU
		{BBACD972-014D-478F-9B07-56B9E1D4CC73}.Debug|Any CPU.Build.0 = Debug|Any CPU
		{BBACD972-014D-478F-9B07-56B9E1D4CC73}.Release|Any CPU.ActiveCfg = Debug|Any CPU
		{BBACD972-014D-478F-9B07-56B9E1D4CC73}.Release|Any CPU.Build.0 = Debug|Any CPU
		{9ADBE36D-9960-48F6-82E9-B4AC559E9AC3}.CodeAnalysis|Any CPU.ActiveCfg = Debug|Any CPU
		{9ADBE36D-9960-48F6-82E9-B4AC559E9AC3}.CodeAnalysis|Any CPU.Build.0 = Debug|Any CPU
		{9ADBE36D-9960-48F6-82E9-B4AC559E9AC3}.Debug|Any CPU.ActiveCfg = Debug|Any CPU
		{9ADBE36D-9960-48F6-82E9-B4AC559E9AC3}.Debug|Any CPU.Build.0 = Debug|Any CPU
		{9ADBE36D-9960-48F6-82E9-B4AC559E9AC3}.Release|Any CPU.ActiveCfg = Debug|Any CPU
		{9ADBE36D-9960-48F6-82E9-B4AC559E9AC3}.Release|Any CPU.Build.0 = Debug|Any CPU
		{7ADCCD5C-AC2B-4340-9410-FE3A31A48191}.CodeAnalysis|Any CPU.ActiveCfg = Debug|Any CPU
		{7ADCCD5C-AC2B-4340-9410-FE3A31A48191}.CodeAnalysis|Any CPU.Build.0 = Debug|Any CPU
		{7ADCCD5C-AC2B-4340-9410-FE3A31A48191}.Debug|Any CPU.ActiveCfg = Debug|Any CPU
		{7ADCCD5C-AC2B-4340-9410-FE3A31A48191}.Debug|Any CPU.Build.0 = Debug|Any CPU
		{7ADCCD5C-AC2B-4340-9410-FE3A31A48191}.Release|Any CPU.ActiveCfg = Debug|Any CPU
		{7ADCCD5C-AC2B-4340-9410-FE3A31A48191}.Release|Any CPU.Build.0 = Debug|Any CPU
	EndGlobalSection
	GlobalSection(NestedProjects) = preSolution
		{CD57219F-24F4-4136-8741-6063D0D7A031} = {20B5E173-C3C4-49F8-BD25-E69044075B4D}
	EndGlobalSection
	GlobalSection(MonoDevelopProperties) = preSolution
		StartupItem = DotNetOpenAuth\DotNetOpenAuth.csproj
	EndGlobalSection
	GlobalSection(TestCaseManagementSettings) = postSolution
		CategoryFile = DotNetOpenAuth.vsmdi
	EndGlobalSection
	GlobalSection(SolutionProperties) = preSolution
		HideSolutionNode = FALSE
	EndGlobalSection
EndGlobal
